
Microsoft Visual Studio Solution File, Format Version 12.00
# Visual Studio Version 16
VisualStudioVersion = 25.0.1705.4
MinimumVisualStudioVersion = 10.0.40219.1
Project("{FAE04EC0-301F-11D3-BF4B-00C04F79EFBC}") = "BulkyWeb", "BulkyWeb.csproj", "{BAEC70B7-A128-412B-9688-E4DF6178E89E}"
EndProject
Global
	GlobalSection(SolutionConfigurationPlatforms) = preSolution
		Debug|Any CPU = Debug|Any CPU
		Release|Any CPU = Release|Any CPU
	EndGlobalSection
	GlobalSection(ProjectConfigurationPlatforms) = postSolution
		{BAEC70B7-A128-412B-9688-E4DF6178E89E}.Debug|Any CPU.ActiveCfg = Debug|Any CPU
		{BAEC70B7-A128-412B-9688-E4DF6178E89E}.Debug|Any CPU.Build.0 = Debug|Any CPU
		{BAEC70B7-A128-412B-9688-E4DF6178E89E}.Release|Any CPU.ActiveCfg = Release|Any CPU
		{BAEC70B7-A128-412B-9688-E4DF6178E89E}.Release|Any CPU.Build.0 = Release|Any CPU
	EndGlobalSection
	GlobalSection(SolutionProperties) = preSolution
		HideSolutionNode = FALSE
	EndGlobalSection
	GlobalSection(ExtensibilityGlobals) = postSolution
		SolutionGuid = {EEF3B357-66DC-4B6F-878E-855432F51CB4}
	EndGlobalSection
EndGlobal
